
Microsoft Visual Studio Solution File, Format Version 12.00
# Visual Studio Version 17
VisualStudioVersion = 17.2.32616.157
MinimumVisualStudioVersion = 10.0.40219.1
Project("{FAE04EC0-301F-11D3-BF4B-00C04F79EFBC}") = "StudentDB", "StudentDB\StudentDB.csproj", "{26A987D9-3FA5-4584-89CE-C48404DBD157}"
EndProject
Project("{FAE04EC0-301F-11D3-BF4B-00C04F79EFBC}") = "CustomExceptions", "CustomExceptions\CustomExceptions.csproj", "{49AF8A57-B155-4EAA-AC8C-A7B2AD0BF977}"
EndProject
Global
	GlobalSection(SolutionConfigurationPlatforms) = preSolution
		Debug|Any CPU = Debug|Any CPU
		Release|Any CPU = Release|Any CPU
	EndGlobalSection
	GlobalSection(ProjectConfigurationPlatforms) = postSolution
		{26A987D9-3FA5-4584-89CE-C48404DBD157}.Debug|Any CPU.ActiveCfg = Debug|Any CPU
		{26A987D9-3FA5-4584-89CE-C48404DBD157}.Debug|Any CPU.Build.0 = Debug|Any CPU
		{26A987D9-3FA5-4584-89CE-C48404DBD157}.Release|Any CPU.ActiveCfg = Release|Any CPU
		{26A987D9-3FA5-4584-89CE-C48404DBD157}.Release|Any CPU.Build.0 = Release|Any CPU
		{49AF8A57-B155-4EAA-AC8C-A7B2AD0BF977}.Debug|Any CPU.ActiveCfg = Debug|Any CPU
		{49AF8A57-B155-4EAA-AC8C-A7B2AD0BF977}.Debug|Any CPU.Build.0 = Debug|Any CPU
		{49AF8A57-B155-4EAA-AC8C-A7B2AD0BF977}.Release|Any CPU.ActiveCfg = Release|Any CPU
		{49AF8A57-B155-4EAA-AC8C-A7B2AD0BF977}.Release|Any CPU.Build.0 = Release|Any CPU
	EndGlobalSection
	GlobalSection(SolutionProperties) = preSolution
		HideSolutionNode = FALSE
	EndGlobalSection
	GlobalSection(ExtensibilityGlobals) = postSolution
		SolutionGuid = {A8EC2B9D-8F4A-4827-B03C-7CC312DE0EBF}
	EndGlobalSection
EndGlobal
